
Microsoft Visual Studio Solution File, Format Version 10.00
# Visual Studio 2008
Project("{8BC9CEB8-8B4A-11D0-8D11-00A0C91BC942}") = "DetTestHook", "DetTestHook.vcproj", "{BBFF49A6-74C2-42C2-935A-90C903695916}"
EndProject
Global
	GlobalSection(SolutionConfigurationPlatforms) = preSolution
		Debug|Win32 = Debug|Win32
		Release|Win32 = Release|Win32
	EndGlobalSection
	GlobalSection(ProjectConfigurationPlatforms) = postSolution
		{BBFF49A6-74C2-42C2-935A-90C903695916}.Debug|Win32.ActiveCfg = Debug|Win32
		{BBFF49A6-74C2-42C2-935A-90C903695916}.Debug|Win32.Build.0 = Debug|Win32
		{BBFF49A6-74C2-42C2-935A-90C903695916}.Release|Win32.ActiveCfg = Release|Win32
		{BBFF49A6-74C2-42C2-935A-90C903695916}.Release|Win32.Build.0 = Release|Win32
	EndGlobalSection
	GlobalSection(SolutionProperties) = preSolution
		HideSolutionNode = FALSE
	EndGlobalSection
EndGlobal
