
Microsoft Visual Studio Solution File, Format Version 10.00
# Visual Studio 2008
Project("{8BC9CEB8-8B4A-11D0-8D11-00A0C91BC942}") = "InjectDll", "InjectDll.vcproj", "{657A286B-96DE-4F81-9DC0-BC4D8F8C7D82}"
EndProject
Global
	GlobalSection(SolutionConfigurationPlatforms) = preSolution
		Debug|Win32 = Debug|Win32
		Release|Win32 = Release|Win32
	EndGlobalSection
	GlobalSection(ProjectConfigurationPlatforms) = postSolution
		{657A286B-96DE-4F81-9DC0-BC4D8F8C7D82}.Debug|Win32.ActiveCfg = Debug|Win32
		{657A286B-96DE-4F81-9DC0-BC4D8F8C7D82}.Debug|Win32.Build.0 = Debug|Win32
		{657A286B-96DE-4F81-9DC0-BC4D8F8C7D82}.Release|Win32.ActiveCfg = Release|Win32
		{657A286B-96DE-4F81-9DC0-BC4D8F8C7D82}.Release|Win32.Build.0 = Release|Win32
	EndGlobalSection
	GlobalSection(SolutionProperties) = preSolution
		HideSolutionNode = FALSE
	EndGlobalSection
EndGlobal
